
Microsoft Visual Studio Solution File, Format Version 12.00
# Visual Studio Version 17
VisualStudioVersion = 17.9.34616.47
MinimumVisualStudioVersion = 10.0.40219.1
Project("{FAE04EC0-301F-11D3-BF4B-00C04F79EFBC}") = "TransactionOrder", "TransactionOrder\TransactionOrder.csproj", "{DD14AA79-9F11-4120-A70E-22F1DA024119}"
EndProject
Global
	GlobalSection(SolutionConfigurationPlatforms) = preSolution
		Debug|Any CPU = Debug|Any CPU
		Release|Any CPU = Release|Any CPU
	EndGlobalSection
	GlobalSection(ProjectConfigurationPlatforms) = postSolution
		{DD14AA79-9F11-4120-A70E-22F1DA024119}.Debug|Any CPU.ActiveCfg = Debug|Any CPU
		{DD14AA79-9F11-4120-A70E-22F1DA024119}.Debug|Any CPU.Build.0 = Debug|Any CPU
		{DD14AA79-9F11-4120-A70E-22F1DA024119}.Release|Any CPU.ActiveCfg = Release|Any CPU
		{DD14AA79-9F11-4120-A70E-22F1DA024119}.Release|Any CPU.Build.0 = Release|Any CPU
	EndGlobalSection
	GlobalSection(SolutionProperties) = preSolution
		HideSolutionNode = FALSE
	EndGlobalSection
	GlobalSection(ExtensibilityGlobals) = postSolution
		SolutionGuid = {5B8DEC29-29DC-4443-9E00-2C631F42F77B}
	EndGlobalSection
EndGlobal
